
Microsoft Visual Studio Solution File, Format Version 12.00
# Visual Studio Version 16
VisualStudioVersion = 16.0.30907.101
MinimumVisualStudioVersion = 10.0.40219.1
Project("{FAE04EC0-301F-11D3-BF4B-00C04F79EFBC}") = "KontoCheckRestApi", "KontoCheckRestApi.csproj", "{B8CFCA60-4DE5-40FF-835A-A63BA2EA97FB}"
EndProject
Global
	GlobalSection(SolutionConfigurationPlatforms) = preSolution
		Debug|Any CPU = Debug|Any CPU
		Release|Any CPU = Release|Any CPU
	EndGlobalSection
	GlobalSection(ProjectConfigurationPlatforms) = postSolution
		{B8CFCA60-4DE5-40FF-835A-A63BA2EA97FB}.Debug|Any CPU.ActiveCfg = Debug|Any CPU
		{B8CFCA60-4DE5-40FF-835A-A63BA2EA97FB}.Debug|Any CPU.Build.0 = Debug|Any CPU
		{B8CFCA60-4DE5-40FF-835A-A63BA2EA97FB}.Release|Any CPU.ActiveCfg = Release|Any CPU
		{B8CFCA60-4DE5-40FF-835A-A63BA2EA97FB}.Release|Any CPU.Build.0 = Release|Any CPU
	EndGlobalSection
	GlobalSection(SolutionProperties) = preSolution
		HideSolutionNode = FALSE
	EndGlobalSection
	GlobalSection(ExtensibilityGlobals) = postSolution
		SolutionGuid = {687BC771-0D84-4D2C-99E3-EB68B7C2450E}
	EndGlobalSection
EndGlobal
